
Microsoft Visual Studio Solution File, Format Version 12.00
# Visual Studio Version 16
VisualStudioVersion = 16.0.29509.3
MinimumVisualStudioVersion = 10.0.40219.1
Project("{FAE04EC0-301F-11D3-BF4B-00C04F79EFBC}") = "MWFBackend", "MWFBackend\MWFBackend.csproj", "{FBA6B993-32CD-49BB-9BE1-29C50B3924AE}"
EndProject
Global
	GlobalSection(SolutionConfigurationPlatforms) = preSolution
		Debug|Any CPU = Debug|Any CPU
		Release|Any CPU = Release|Any CPU
	EndGlobalSection
	GlobalSection(ProjectConfigurationPlatforms) = postSolution
		{FBA6B993-32CD-49BB-9BE1-29C50B3924AE}.Debug|Any CPU.ActiveCfg = Debug|Any CPU
		{FBA6B993-32CD-49BB-9BE1-29C50B3924AE}.Debug|Any CPU.Build.0 = Debug|Any CPU
		{FBA6B993-32CD-49BB-9BE1-29C50B3924AE}.Release|Any CPU.ActiveCfg = Release|Any CPU
		{FBA6B993-32CD-49BB-9BE1-29C50B3924AE}.Release|Any CPU.Build.0 = Release|Any CPU
	EndGlobalSection
	GlobalSection(SolutionProperties) = preSolution
		HideSolutionNode = FALSE
	EndGlobalSection
	GlobalSection(ExtensibilityGlobals) = postSolution
		SolutionGuid = {9DFC6F41-3CDF-4AD9-82A7-34A3E99DB3E8}
	EndGlobalSection
EndGlobal
